
Microsoft Visual Studio Solution File, Format Version 12.00
# Visual Studio 2012
Project("{FAE04EC0-301F-11D3-BF4B-00C04F79EFBC}") = "Svg Preprocessor", "Svg Preprocessor\Svg Preprocessor.csproj", "{04A22D82-1A8A-4B7A-9BDF-927D860F4DEE}"
EndProject
Global
	GlobalSection(SolutionConfigurationPlatforms) = preSolution
		Debug|Any CPU = Debug|Any CPU
		Release|Any CPU = Release|Any CPU
	EndGlobalSection
	GlobalSection(ProjectConfigurationPlatforms) = postSolution
		{04A22D82-1A8A-4B7A-9BDF-927D860F4DEE}.Debug|Any CPU.ActiveCfg = Debug|Any CPU
		{04A22D82-1A8A-4B7A-9BDF-927D860F4DEE}.Debug|Any CPU.Build.0 = Debug|Any CPU
		{04A22D82-1A8A-4B7A-9BDF-927D860F4DEE}.Release|Any CPU.ActiveCfg = Release|Any CPU
		{04A22D82-1A8A-4B7A-9BDF-927D860F4DEE}.Release|Any CPU.Build.0 = Release|Any CPU
	EndGlobalSection
	GlobalSection(SolutionProperties) = preSolution
		HideSolutionNode = FALSE
	EndGlobalSection
EndGlobal
